// !$*UTF8*$!
{
	archiveVersion = 1;
	classes = {
	};
	objectVersion = 50;
	objects = {

/* Begin PBXBuildFile section */
		0A03AEA42519083F00677BDF /* CreateViewController.swift in Sources */ = {isa = PBXBuildFile; fileRef = 0A03AEA32519083F00677BDF /* CreateViewController.swift */; };
		0A0D74662663C034000DAB30 /* PictureViewController.swift in Sources */ = {isa = PBXBuildFile; fileRef = 0A0D74652663C034000DAB30 /* PictureViewController.swift */; };
		0A0D92872619890300F1CBDE /* ImageTableViewCell.swift in Sources */ = {isa = PBXBuildFile; fileRef = 0A0D92862619890300F1CBDE /* ImageTableViewCell.swift */; };
		0A11347124FB9C000029C07C /* DrawerController.swift in Sources */ = {isa = PBXBuildFile; fileRef = 0A11347024FB9C000029C07C /* DrawerController.swift */; };
		0A11347324FBFA650029C07C /* EmbedDrawerControllerSegue.swift in Sources */ = {isa = PBXBuildFile; fileRef = 0A11347224FBFA650029C07C /* EmbedDrawerControllerSegue.swift */; };
		0A11347524FBFB2F0029C07C /* EmbedMainControllerSegue.swift in Sources */ = {isa = PBXBuildFile; fileRef = 0A11347424FBFB2F0029C07C /* EmbedMainControllerSegue.swift */; };
		0A159D4926653F3D00452ACA /* ReplyCollectionViewCell.swift in Sources */ = {isa = PBXBuildFile; fileRef = 0A159D4826653F3D00452ACA /* ReplyCollectionViewCell.swift */; };
		0A15CB7E2616024900B3AD9C /* SemesterTimetableViewController.swift in Sources */ = {isa = PBXBuildFile; fileRef = 0A15CB7D2616024900B3AD9C /* SemesterTimetableViewController.swift */; };
		0A15CB812616026300B3AD9C /* MockTimetableViewController.swift in Sources */ = {isa = PBXBuildFile; fileRef = 0A15CB802616026300B3AD9C /* MockTimetableViewController.swift */; };
		0A1A3876257554A700278C08 /* TabLayout.swift in Sources */ = {isa = PBXBuildFile; fileRef = 0A1A3875257554A700278C08 /* TabLayout.swift */; };
		0A1A38792575550C00278C08 /* TabLayoutConfiguration.swift in Sources */ = {isa = PBXBuildFile; fileRef = 0A1A38782575550C00278C08 /* TabLayoutConfiguration.swift */; };
		0A1A387C2575555500278C08 /* MenuItemView.swift in Sources */ = {isa = PBXBuildFile; fileRef = 0A1A387B2575555500278C08 /* MenuItemView.swift */; };
		0A1CFD35261F506E0069FB70 /* ArticleCollectionViewCell.swift in Sources */ = {isa = PBXBuildFile; fileRef = 0A1CFD34261F506E0069FB70 /* ArticleCollectionViewCell.swift */; };
		0A1D3824266928AD00835EB9 /* ChatViewController.swift in Sources */ = {isa = PBXBuildFile; fileRef = 0A1D3823266928AD00835EB9 /* ChatViewController.swift */; };
		0A211A5C2533745F00937FEF /* TabHostViewController.swift in Sources */ = {isa = PBXBuildFile; fileRef = 0A211A5B2533745F00937FEF /* TabHostViewController.swift */; };
		0A21862F257924B700ACD350 /* Tab1ViewController.swift in Sources */ = {isa = PBXBuildFile; fileRef = 0A21862E257924B700ACD350 /* Tab1ViewController.swift */; };
		0A218632257924D100ACD350 /* Tab2ViewController.swift in Sources */ = {isa = PBXBuildFile; fileRef = 0A218631257924D100ACD350 /* Tab2ViewController.swift */; };
		0A218635257924F000ACD350 /* Tab3ViewController.swift in Sources */ = {isa = PBXBuildFile; fileRef = 0A218634257924F000ACD350 /* Tab3ViewController.swift */; };
		0A2186382579251A00ACD350 /* Tab4ViewController.swift in Sources */ = {isa = PBXBuildFile; fileRef = 0A2186372579251A00ACD350 /* Tab4ViewController.swift */; };
		0A236E8925F6638300C30737 /* ArticleViewController.swift in Sources */ = {isa = PBXBuildFile; fileRef = 0A236E8825F6638300C30737 /* ArticleViewController.swift */; };
		0A25BED026651F6000F4AF06 /* ArticleDetailCollectionViewCell.swift in Sources */ = {isa = PBXBuildFile; fileRef = 0A25BECF26651F6000F4AF06 /* ArticleDetailCollectionViewCell.swift */; };
		0A27191026175426009D919B /* WriteInputTextTableViewCell.swift in Sources */ = {isa = PBXBuildFile; fileRef = 0A27190F26175426009D919B /* WriteInputTextTableViewCell.swift */; };
		0A28F36E2610BBBC00A89069 /* TimetableViewController.swift in Sources */ = {isa = PBXBuildFile; fileRef = 0A28F36D2610BBBC00A89069 /* TimetableViewController.swift */; };
		0A2BEC7F28C346ED002610A8 /* RadioButton.swift in Sources */ = {isa = PBXBuildFile; fileRef = 0A2BEC7E28C346ED002610A8 /* RadioButton.swift */; };
		0A2BEC8128C34727002610A8 /* RadioButtonCircleStyle.swift in Sources */ = {isa = PBXBuildFile; fileRef = 0A2BEC8028C34727002610A8 /* RadioButtonCircleStyle.swift */; };
		0A2BEC8328C3473E002610A8 /* RadioButtonColor.swift in Sources */ = {isa = PBXBuildFile; fileRef = 0A2BEC8228C3473E002610A8 /* RadioButtonColor.swift */; };
		0A2BEC8528C34754002610A8 /* RadioButtonContainer.swift in Sources */ = {isa = PBXBuildFile; fileRef = 0A2BEC8428C34754002610A8 /* RadioButtonContainer.swift */; };
		0A2BEC8728C3476C002610A8 /* RadioButtonContainerView.swift in Sources */ = {isa = PBXBuildFile; fileRef = 0A2BEC8628C3476C002610A8 /* RadioButtonContainerView.swift */; };
		0A2BEC8928C34781002610A8 /* RadioCheckboxBaseButton.swift in Sources */ = {isa = PBXBuildFile; fileRef = 0A2BEC8828C34781002610A8 /* RadioCheckboxBaseButton.swift */; };
		0A2BEC8B28C34796002610A8 /* RadioCheckboxBaseContainer.swift in Sources */ = {isa = PBXBuildFile; fileRef = 0A2BEC8A28C34796002610A8 /* RadioCheckboxBaseContainer.swift */; };
		0A2EEF1D24FAAD2900DEEE04 /* MainViewController.swift in Sources */ = {isa = PBXBuildFile; fileRef = 0A2EEF1C24FAAD2900DEEE04 /* MainViewController.swift */; };
		0A2F097A260CB95700BEF1C8 /* UITextViewExtension.swift in Sources */ = {isa = PBXBuildFile; fileRef = 0A2F0979260CB95700BEF1C8 /* UITextViewExtension.swift */; };
		0A3169D72628805E00737A51 /* GroupTableViewCell.swift in Sources */ = {isa = PBXBuildFile; fileRef = 0A3169D62628805E00737A51 /* GroupTableViewCell.swift */; };
		0A3169DB2628885E00737A51 /* GroupItem.swift in Sources */ = {isa = PBXBuildFile; fileRef = 0A3169DA2628885E00737A51 /* GroupItem.swift */; };
		0A3169DE26288B6200737A51 /* ArticleItem.swift in Sources */ = {isa = PBXBuildFile; fileRef = 0A3169DD26288B6200737A51 /* ArticleItem.swift */; };
		0A414F152631D9460023B3D8 /* MemberCollectionViewCell.swift in Sources */ = {isa = PBXBuildFile; fileRef = 0A414F142631D9460023B3D8 /* MemberCollectionViewCell.swift */; };
		0A5714B928E34666004FABC1 /* WriteItem.swift in Sources */ = {isa = PBXBuildFile; fileRef = 0A5714B828E34666004FABC1 /* WriteItem.swift */; };
		0A5D0F69250E317B008376EC /* UnivNoticeViewController.swift in Sources */ = {isa = PBXBuildFile; fileRef = 0A5D0F68250E317B008376EC /* UnivNoticeViewController.swift */; };
		0A5D0F6B250E5F47008376EC /* DrawerViewController.swift in Sources */ = {isa = PBXBuildFile; fileRef = 0A5D0F6A250E5F47008376EC /* DrawerViewController.swift */; };
		0AA26BFE24F22B9600FA4D5A /* AppDelegate.swift in Sources */ = {isa = PBXBuildFile; fileRef = 0AA26BFD24F22B9600FA4D5A /* AppDelegate.swift */; };
		0AA26C0024F22B9600FA4D5A /* SceneDelegate.swift in Sources */ = {isa = PBXBuildFile; fileRef = 0AA26BFF24F22B9600FA4D5A /* SceneDelegate.swift */; };
		0AA26C0224F22B9600FA4D5A /* LoginViewController.swift in Sources */ = {isa = PBXBuildFile; fileRef = 0AA26C0124F22B9600FA4D5A /* LoginViewController.swift */; };
		0AA26C0524F22B9600FA4D5A /* Main.storyboard in Resources */ = {isa = PBXBuildFile; fileRef = 0AA26C0324F22B9600FA4D5A /* Main.storyboard */; };
		0AA26C0724F22B9700FA4D5A /* Assets.xcassets in Resources */ = {isa = PBXBuildFile; fileRef = 0AA26C0624F22B9700FA4D5A /* Assets.xcassets */; };
		0AA26C0A24F22B9700FA4D5A /* LaunchScreen.storyboard in Resources */ = {isa = PBXBuildFile; fileRef = 0AA26C0824F22B9700FA4D5A /* LaunchScreen.storyboard */; };
		0AAD5B06251A533F00B77FDA /* MainCollectionViewCell.swift in Sources */ = {isa = PBXBuildFile; fileRef = 0AAD5B05251A533F00B77FDA /* MainCollectionViewCell.swift */; };
		0AAD5B08251A57A400B77FDA /* MainCollectionReusableView.swift in Sources */ = {isa = PBXBuildFile; fileRef = 0AAD5B07251A57A400B77FDA /* MainCollectionReusableView.swift */; };
		0ACEE73D2604E1C500A4D4C8 /* WriteViewController.swift in Sources */ = {isa = PBXBuildFile; fileRef = 0ACEE73C2604E1C500A4D4C8 /* WriteViewController.swift */; };
		0AD204D1265D481F00D24E66 /* ReplyItem.swift in Sources */ = {isa = PBXBuildFile; fileRef = 0AD204D0265D481F00D24E66 /* ReplyItem.swift */; };
		0ADEF76825E25A010000F12D /* TabViewController.swift in Sources */ = {isa = PBXBuildFile; fileRef = 0ADEF76725E25A010000F12D /* TabViewController.swift */; };
		0AF3F4BB2517940F0005D5E3 /* FindViewController.swift in Sources */ = {isa = PBXBuildFile; fileRef = 0AF3F4BA2517940F0005D5E3 /* FindViewController.swift */; };
		0AF3F4BD2517A7270005D5E3 /* RequestViewController.swift in Sources */ = {isa = PBXBuildFile; fileRef = 0AF3F4BC2517A7270005D5E3 /* RequestViewController.swift */; };
		0AF5B9F02577E4CD00AC9890 /* PlaceholderViewController.swift in Sources */ = {isa = PBXBuildFile; fileRef = 0AF5B9EF2577E4CD00AC9890 /* PlaceholderViewController.swift */; };
		0AFA0416261E013F00651160 /* Extension.swift in Sources */ = {isa = PBXBuildFile; fileRef = 0AFA0415261E013F00651160 /* Extension.swift */; };
/* End PBXBuildFile section */

/* Begin PBXFileReference section */
		0A03AEA32519083F00677BDF /* CreateViewController.swift */ = {isa = PBXFileReference; lastKnownFileType = sourcecode.swift; name = CreateViewController.swift; path = knu_minigroup/Viewcontrollers/CreateViewController.swift; sourceTree = SOURCE_ROOT; };
		0A0D74652663C034000DAB30 /* PictureViewController.swift */ = {isa = PBXFileReference; lastKnownFileType = sourcecode.swift; name = PictureViewController.swift; path = knu_minigroup/Viewcontrollers/PictureViewController.swift; sourceTree = SOURCE_ROOT; };
		0A0D92862619890300F1CBDE /* ImageTableViewCell.swift */ = {isa = PBXFileReference; lastKnownFileType = sourcecode.swift; path = ImageTableViewCell.swift; sourceTree = "<group>"; };
		0A11347024FB9C000029C07C /* DrawerController.swift */ = {isa = PBXFileReference; lastKnownFileType = sourcecode.swift; path = DrawerController.swift; sourceTree = "<group>"; };
		0A11347224FBFA650029C07C /* EmbedDrawerControllerSegue.swift */ = {isa = PBXFileReference; lastKnownFileType = sourcecode.swift; path = EmbedDrawerControllerSegue.swift; sourceTree = "<group>"; };
		0A11347424FBFB2F0029C07C /* EmbedMainControllerSegue.swift */ = {isa = PBXFileReference; lastKnownFileType = sourcecode.swift; path = EmbedMainControllerSegue.swift; sourceTree = "<group>"; };
		0A159D4826653F3D00452ACA /* ReplyCollectionViewCell.swift */ = {isa = PBXFileReference; lastKnownFileType = sourcecode.swift; path = ReplyCollectionViewCell.swift; sourceTree = "<group>"; };
		0A15CB7D2616024900B3AD9C /* SemesterTimetableViewController.swift */ = {isa = PBXFileReference; lastKnownFileType = sourcecode.swift; path = SemesterTimetableViewController.swift; sourceTree = "<group>"; };
		0A15CB802616026300B3AD9C /* MockTimetableViewController.swift */ = {isa = PBXFileReference; lastKnownFileType = sourcecode.swift; path = MockTimetableViewController.swift; sourceTree = "<group>"; };
		0A1A3875257554A700278C08 /* TabLayout.swift */ = {isa = PBXFileReference; lastKnownFileType = sourcecode.swift; path = TabLayout.swift; sourceTree = "<group>"; };
		0A1A38782575550C00278C08 /* TabLayoutConfiguration.swift */ = {isa = PBXFileReference; lastKnownFileType = sourcecode.swift; path = TabLayoutConfiguration.swift; sourceTree = "<group>"; };
		0A1A387B2575555500278C08 /* MenuItemView.swift */ = {isa = PBXFileReference; lastKnownFileType = sourcecode.swift; path = MenuItemView.swift; sourceTree = "<group>"; };
		0A1CFD34261F506E0069FB70 /* ArticleCollectionViewCell.swift */ = {isa = PBXFileReference; lastKnownFileType = sourcecode.swift; path = ArticleCollectionViewCell.swift; sourceTree = "<group>"; };
		0A1D3823266928AD00835EB9 /* ChatViewController.swift */ = {isa = PBXFileReference; lastKnownFileType = sourcecode.swift; name = ChatViewController.swift; path = knu_minigroup/Viewcontrollers/ChatViewController.swift; sourceTree = SOURCE_ROOT; };
		0A211A5B2533745F00937FEF /* TabHostViewController.swift */ = {isa = PBXFileReference; lastKnownFileType = sourcecode.swift; name = TabHostViewController.swift; path = knu_minigroup/Viewcontrollers/TabHostViewController.swift; sourceTree = SOURCE_ROOT; };
		0A21862E257924B700ACD350 /* Tab1ViewController.swift */ = {isa = PBXFileReference; lastKnownFileType = sourcecode.swift; name = Tab1ViewController.swift; path = knu_minigroup/Viewcontrollers/Tab1ViewController.swift; sourceTree = SOURCE_ROOT; };
		0A218631257924D100ACD350 /* Tab2ViewController.swift */ = {isa = PBXFileReference; lastKnownFileType = sourcecode.swift; name = Tab2ViewController.swift; path = knu_minigroup/Viewcontrollers/Tab2ViewController.swift; sourceTree = SOURCE_ROOT; };
		0A218634257924F000ACD350 /* Tab3ViewController.swift */ = {isa = PBXFileReference; lastKnownFileType = sourcecode.swift; name = Tab3ViewController.swift; path = knu_minigroup/Viewcontrollers/Tab3ViewController.swift; sourceTree = SOURCE_ROOT; };
		0A2186372579251A00ACD350 /* Tab4ViewController.swift */ = {isa = PBXFileReference; lastKnownFileType = sourcecode.swift; name = Tab4ViewController.swift; path = knu_minigroup/Viewcontrollers/Tab4ViewController.swift; sourceTree = SOURCE_ROOT; };
		0A236E8825F6638300C30737 /* ArticleViewController.swift */ = {isa = PBXFileReference; lastKnownFileType = sourcecode.swift; name = ArticleViewController.swift; path = knu_minigroup/Viewcontrollers/ArticleViewController.swift; sourceTree = SOURCE_ROOT; };
		0A25BECF26651F6000F4AF06 /* ArticleDetailCollectionViewCell.swift */ = {isa = PBXFileReference; lastKnownFileType = sourcecode.swift; path = ArticleDetailCollectionViewCell.swift; sourceTree = "<group>"; };
		0A27190F26175426009D919B /* WriteInputTextTableViewCell.swift */ = {isa = PBXFileReference; lastKnownFileType = sourcecode.swift; path = WriteInputTextTableViewCell.swift; sourceTree = "<group>"; };
		0A28F36D2610BBBC00A89069 /* TimetableViewController.swift */ = {isa = PBXFileReference; lastKnownFileType = sourcecode.swift; path = TimetableViewController.swift; sourceTree = "<group>"; };
		0A2BEC7E28C346ED002610A8 /* RadioButton.swift */ = {isa = PBXFileReference; lastKnownFileType = sourcecode.swift; path = RadioButton.swift; sourceTree = "<group>"; };
		0A2BEC8028C34727002610A8 /* RadioButtonCircleStyle.swift */ = {isa = PBXFileReference; lastKnownFileType = sourcecode.swift; path = RadioButtonCircleStyle.swift; sourceTree = "<group>"; };
		0A2BEC8228C3473E002610A8 /* RadioButtonColor.swift */ = {isa = PBXFileReference; lastKnownFileType = sourcecode.swift; path = RadioButtonColor.swift; sourceTree = "<group>"; };
		0A2BEC8428C34754002610A8 /* RadioButtonContainer.swift */ = {isa = PBXFileReference; lastKnownFileType = sourcecode.swift; path = RadioButtonContainer.swift; sourceTree = "<group>"; };
		0A2BEC8628C3476C002610A8 /* RadioButtonContainerView.swift */ = {isa = PBXFileReference; lastKnownFileType = sourcecode.swift; path = RadioButtonContainerView.swift; sourceTree = "<group>"; };
		0A2BEC8828C34781002610A8 /* RadioCheckboxBaseButton.swift */ = {isa = PBXFileReference; lastKnownFileType = sourcecode.swift; path = RadioCheckboxBaseButton.swift; sourceTree = "<group>"; };
		0A2BEC8A28C34796002610A8 /* RadioCheckboxBaseContainer.swift */ = {isa = PBXFileReference; lastKnownFileType = sourcecode.swift; path = RadioCheckboxBaseContainer.swift; sourceTree = "<group>"; };
		0A2EEF1C24FAAD2900DEEE04 /* MainViewController.swift */ = {isa = PBXFileReference; lastKnownFileType = sourcecode.swift; path = MainViewController.swift; sourceTree = "<group>"; };
		0A2F0979260CB95700BEF1C8 /* UITextViewExtension.swift */ = {isa = PBXFileReference; lastKnownFileType = sourcecode.swift; path = UITextViewExtension.swift; sourceTree = "<group>"; };
		0A3169D62628805E00737A51 /* GroupTableViewCell.swift */ = {isa = PBXFileReference; lastKnownFileType = sourcecode.swift; path = GroupTableViewCell.swift; sourceTree = "<group>"; };
		0A3169DA2628885E00737A51 /* GroupItem.swift */ = {isa = PBXFileReference; lastKnownFileType = sourcecode.swift; path = GroupItem.swift; sourceTree = "<group>"; };
		0A3169DD26288B6200737A51 /* ArticleItem.swift */ = {isa = PBXFileReference; lastKnownFileType = sourcecode.swift; path = ArticleItem.swift; sourceTree = "<group>"; };
		0A414F142631D9460023B3D8 /* MemberCollectionViewCell.swift */ = {isa = PBXFileReference; lastKnownFileType = sourcecode.swift; path = MemberCollectionViewCell.swift; sourceTree = "<group>"; };
		0A5714B828E34666004FABC1 /* WriteItem.swift */ = {isa = PBXFileReference; lastKnownFileType = sourcecode.swift; path = WriteItem.swift; sourceTree = "<group>"; };
		0A5D0F68250E317B008376EC /* UnivNoticeViewController.swift */ = {isa = PBXFileReference; lastKnownFileType = sourcecode.swift; path = UnivNoticeViewController.swift; sourceTree = "<group>"; };
		0A5D0F6A250E5F47008376EC /* DrawerViewController.swift */ = {isa = PBXFileReference; lastKnownFileType = sourcecode.swift; path = DrawerViewController.swift; sourceTree = "<group>"; };
		0AA26BFA24F22B9600FA4D5A /* knu_minigroup.app */ = {isa = PBXFileReference; explicitFileType = wrapper.application; includeInIndex = 0; path = knu_minigroup.app; sourceTree = BUILT_PRODUCTS_DIR; };
		0AA26BFD24F22B9600FA4D5A /* AppDelegate.swift */ = {isa = PBXFileReference; lastKnownFileType = sourcecode.swift; path = AppDelegate.swift; sourceTree = "<group>"; };
		0AA26BFF24F22B9600FA4D5A /* SceneDelegate.swift */ = {isa = PBXFileReference; lastKnownFileType = sourcecode.swift; path = SceneDelegate.swift; sourceTree = "<group>"; };
		0AA26C0124F22B9600FA4D5A /* LoginViewController.swift */ = {isa = PBXFileReference; lastKnownFileType = sourcecode.swift; path = LoginViewController.swift; sourceTree = "<group>"; };
		0AA26C0424F22B9600FA4D5A /* Base */ = {isa = PBXFileReference; lastKnownFileType = file.storyboard; name = Base; path = Base.lproj/Main.storyboard; sourceTree = "<group>"; };
		0AA26C0624F22B9700FA4D5A /* Assets.xcassets */ = {isa = PBXFileReference; lastKnownFileType = folder.assetcatalog; path = Assets.xcassets; sourceTree = "<group>"; };
		0AA26C0924F22B9700FA4D5A /* Base */ = {isa = PBXFileReference; lastKnownFileType = file.storyboard; name = Base; path = Base.lproj/LaunchScreen.storyboard; sourceTree = "<group>"; };
		0AA26C0B24F22B9700FA4D5A /* Info.plist */ = {isa = PBXFileReference; lastKnownFileType = text.plist.xml; path = Info.plist; sourceTree = "<group>"; };
		0AAD5B05251A533F00B77FDA /* MainCollectionViewCell.swift */ = {isa = PBXFileReference; lastKnownFileType = sourcecode.swift; path = MainCollectionViewCell.swift; sourceTree = "<group>"; };
		0AAD5B07251A57A400B77FDA /* MainCollectionReusableView.swift */ = {isa = PBXFileReference; lastKnownFileType = sourcecode.swift; path = MainCollectionReusableView.swift; sourceTree = "<group>"; };
		0ACEE73C2604E1C500A4D4C8 /* WriteViewController.swift */ = {isa = PBXFileReference; lastKnownFileType = sourcecode.swift; path = WriteViewController.swift; sourceTree = "<group>"; };
		0AD204D0265D481F00D24E66 /* ReplyItem.swift */ = {isa = PBXFileReference; lastKnownFileType = sourcecode.swift; path = ReplyItem.swift; sourceTree = "<group>"; };
		0ADEF76725E25A010000F12D /* TabViewController.swift */ = {isa = PBXFileReference; lastKnownFileType = sourcecode.swift; path = TabViewController.swift; sourceTree = "<group>"; };
		0AF3F4BA2517940F0005D5E3 /* FindViewController.swift */ = {isa = PBXFileReference; lastKnownFileType = sourcecode.swift; name = FindViewController.swift; path = knu_minigroup/Viewcontrollers/FindViewController.swift; sourceTree = SOURCE_ROOT; };
		0AF3F4BC2517A7270005D5E3 /* RequestViewController.swift */ = {isa = PBXFileReference; lastKnownFileType = sourcecode.swift; name = RequestViewController.swift; path = knu_minigroup/Viewcontrollers/RequestViewController.swift; sourceTree = SOURCE_ROOT; };
		0AF5B9EF2577E4CD00AC9890 /* PlaceholderViewController.swift */ = {isa = PBXFileReference; lastKnownFileType = sourcecode.swift; path = PlaceholderViewController.swift; sourceTree = "<group>"; };
		0AFA0415261E013F00651160 /* Extension.swift */ = {isa = PBXFileReference; lastKnownFileType = sourcecode.swift; path = Extension.swift; sourceTree = "<group>"; };
/* End PBXFileReference section */

/* Begin PBXFrameworksBuildPhase section */
		0AA26BF724F22B9600FA4D5A /* Frameworks */ = {
			isa = PBXFrameworksBuildPhase;
			buildActionMask = 2147483647;
			files = (
			);
			runOnlyForDeploymentPostprocessing = 0;
		};
/* End PBXFrameworksBuildPhase section */

/* Begin PBXGroup section */
		0A11346F24FB9BC80029C07C /* DrawerController */ = {
			isa = PBXGroup;
			children = (
				0A11347024FB9C000029C07C /* DrawerController.swift */,
				0A11347224FBFA650029C07C /* EmbedDrawerControllerSegue.swift */,
				0A11347424FBFB2F0029C07C /* EmbedMainControllerSegue.swift */,
			);
			path = DrawerController;
			sourceTree = "<group>";
		};
		0A2BEC7D28C3409D002610A8 /* RadioButton */ = {
			isa = PBXGroup;
			children = (
				0A2BEC7E28C346ED002610A8 /* RadioButton.swift */,
				0A2BEC8028C34727002610A8 /* RadioButtonCircleStyle.swift */,
				0A2BEC8228C3473E002610A8 /* RadioButtonColor.swift */,
				0A2BEC8428C34754002610A8 /* RadioButtonContainer.swift */,
				0A2BEC8628C3476C002610A8 /* RadioButtonContainerView.swift */,
				0A2BEC8828C34781002610A8 /* RadioCheckboxBaseButton.swift */,
				0A2BEC8A28C34796002610A8 /* RadioCheckboxBaseContainer.swift */,
			);
			path = RadioButton;
			sourceTree = "<group>";
		};
		0A2F0978260CB91E00BEF1C8 /* UI */ = {
			isa = PBXGroup;
			children = (
				0A2BEC7D28C3409D002610A8 /* RadioButton */,
				0A11346F24FB9BC80029C07C /* DrawerController */,
				0AC523DB25752E7100D2501E /* HeaderedTabScrollViewController */,
				0A2F0979260CB95700BEF1C8 /* UITextViewExtension.swift */,
				0AFA0415261E013F00651160 /* Extension.swift */,
			);
			path = UI;
			sourceTree = "<group>";
		};
		0A3169D92628883100737A51 /* Dto */ = {
			isa = PBXGroup;
			children = (
				0A3169DA2628885E00737A51 /* GroupItem.swift */,
				0A3169DD26288B6200737A51 /* ArticleItem.swift */,
				0AD204D0265D481F00D24E66 /* ReplyItem.swift */,
				0A5714B828E34666004FABC1 /* WriteItem.swift */,
			);
			path = Dto;
			sourceTree = "<group>";
		};
		0A3D625C24FB7785001DB686 /* ViewControllers */ = {
			isa = PBXGroup;
			children = (
				0A2EEF1C24FAAD2900DEEE04 /* MainViewController.swift */,
				0AA26C0124F22B9600FA4D5A /* LoginViewController.swift */,
				0A5D0F68250E317B008376EC /* UnivNoticeViewController.swift */,
				0A5D0F6A250E5F47008376EC /* DrawerViewController.swift */,
				0AF3F4BA2517940F0005D5E3 /* FindViewController.swift */,
				0AF3F4BC2517A7270005D5E3 /* RequestViewController.swift */,
				0A03AEA32519083F00677BDF /* CreateViewController.swift */,
				0A211A5B2533745F00937FEF /* TabHostViewController.swift */,
				0A21862E257924B700ACD350 /* Tab1ViewController.swift */,
				0A218631257924D100ACD350 /* Tab2ViewController.swift */,
				0A218634257924F000ACD350 /* Tab3ViewController.swift */,
				0A2186372579251A00ACD350 /* Tab4ViewController.swift */,
				0A236E8825F6638300C30737 /* ArticleViewController.swift */,
				0ACEE73C2604E1C500A4D4C8 /* WriteViewController.swift */,
				0A28F36D2610BBBC00A89069 /* TimetableViewController.swift */,
				0A15CB7D2616024900B3AD9C /* SemesterTimetableViewController.swift */,
				0A15CB802616026300B3AD9C /* MockTimetableViewController.swift */,
				0A0D74652663C034000DAB30 /* PictureViewController.swift */,
				0A1D3823266928AD00835EB9 /* ChatViewController.swift */,
			);
			path = ViewControllers;
			sourceTree = "<group>";
		};
		0AA26BF124F22B9600FA4D5A = {
			isa = PBXGroup;
			children = (
				0AA26BFC24F22B9600FA4D5A /* knu_minigroup */,
				0AA26BFB24F22B9600FA4D5A /* Products */,
			);
			sourceTree = "<group>";
		};
		0AA26BFB24F22B9600FA4D5A /* Products */ = {
			isa = PBXGroup;
			children = (
				0AA26BFA24F22B9600FA4D5A /* knu_minigroup.app */,
			);
			name = Products;
			sourceTree = "<group>";
		};
		0AA26BFC24F22B9600FA4D5A /* knu_minigroup */ = {
			isa = PBXGroup;
			children = (
				0A3169D92628883100737A51 /* Dto */,
				0A2F0978260CB91E00BEF1C8 /* UI */,
				0AAD5B04251A52E200B77FDA /* Cells */,
				0A3D625C24FB7785001DB686 /* ViewControllers */,
				0AA26BFD24F22B9600FA4D5A /* AppDelegate.swift */,
				0AA26BFF24F22B9600FA4D5A /* SceneDelegate.swift */,
				0AA26C0324F22B9600FA4D5A /* Main.storyboard */,
				0AA26C0624F22B9700FA4D5A /* Assets.xcassets */,
				0AA26C0824F22B9700FA4D5A /* LaunchScreen.storyboard */,
				0AA26C0B24F22B9700FA4D5A /* Info.plist */,
			);
			path = knu_minigroup;
			sourceTree = "<group>";
		};
		0AAD5B04251A52E200B77FDA /* Cells */ = {
			isa = PBXGroup;
			children = (
				0AAD5B05251A533F00B77FDA /* MainCollectionViewCell.swift */,
				0AAD5B07251A57A400B77FDA /* MainCollectionReusableView.swift */,
				0A27190F26175426009D919B /* WriteInputTextTableViewCell.swift */,
				0A0D92862619890300F1CBDE /* ImageTableViewCell.swift */,
				0A1CFD34261F506E0069FB70 /* ArticleCollectionViewCell.swift */,
				0A3169D62628805E00737A51 /* GroupTableViewCell.swift */,
				0A414F142631D9460023B3D8 /* MemberCollectionViewCell.swift */,
				0A25BECF26651F6000F4AF06 /* ArticleDetailCollectionViewCell.swift */,
				0A159D4826653F3D00452ACA /* ReplyCollectionViewCell.swift */,
			);
			path = Cells;
			sourceTree = "<group>";
		};
		0AC523DB25752E7100D2501E /* HeaderedTabScrollViewController */ = {
			isa = PBXGroup;
			children = (
				0A1A3875257554A700278C08 /* TabLayout.swift */,
				0A1A38782575550C00278C08 /* TabLayoutConfiguration.swift */,
				0A1A387B2575555500278C08 /* MenuItemView.swift */,
				0AF5B9EF2577E4CD00AC9890 /* PlaceholderViewController.swift */,
				0ADEF76725E25A010000F12D /* TabViewController.swift */,
			);
			path = HeaderedTabScrollViewController;
			sourceTree = "<group>";
		};
/* End PBXGroup section */

/* Begin PBXNativeTarget section */
		0AA26BF924F22B9600FA4D5A /* knu_minigroup */ = {
			isa = PBXNativeTarget;
			buildConfigurationList = 0AA26C0E24F22B9700FA4D5A /* Build configuration list for PBXNativeTarget "knu_minigroup" */;
			buildPhases = (
				0AA26BF624F22B9600FA4D5A /* Sources */,
				0AA26BF724F22B9600FA4D5A /* Frameworks */,
				0AA26BF824F22B9600FA4D5A /* Resources */,
			);
			buildRules = (
			);
			dependencies = (
			);
			name = knu_minigroup;
			productName = knu_minigroup;
			productReference = 0AA26BFA24F22B9600FA4D5A /* knu_minigroup.app */;
			productType = "com.apple.product-type.application";
		};
/* End PBXNativeTarget section */

/* Begin PBXProject section */
		0AA26BF224F22B9600FA4D5A /* Project object */ = {
			isa = PBXProject;
			attributes = {
				LastSwiftUpdateCheck = 1160;
				LastUpgradeCheck = 1160;
				ORGANIZATIONNAME = "홍희표";
				TargetAttributes = {
					0AA26BF924F22B9600FA4D5A = {
						CreatedOnToolsVersion = 11.6;
					};
				};
			};
			buildConfigurationList = 0AA26BF524F22B9600FA4D5A /* Build configuration list for PBXProject "knu_minigroup" */;
			compatibilityVersion = "Xcode 9.3";
			developmentRegion = en;
			hasScannedForEncodings = 0;
			knownRegions = (
				en,
				Base,
			);
			mainGroup = 0AA26BF124F22B9600FA4D5A;
			productRefGroup = 0AA26BFB24F22B9600FA4D5A /* Products */;
			projectDirPath = "";
			projectRoot = "";
			targets = (
				0AA26BF924F22B9600FA4D5A /* knu_minigroup */,
			);
		};
/* End PBXProject section */

/* Begin PBXResourcesBuildPhase section */
		0AA26BF824F22B9600FA4D5A /* Resources */ = {
			isa = PBXResourcesBuildPhase;
			buildActionMask = 2147483647;
			files = (
				0AA26C0A24F22B9700FA4D5A /* LaunchScreen.storyboard in Resources */,
				0AA26C0724F22B9700FA4D5A /* Assets.xcassets in Resources */,
				0AA26C0524F22B9600FA4D5A /* Main.storyboard in Resources */,
			);
			runOnlyForDeploymentPostprocessing = 0;
		};
/* End PBXResourcesBuildPhase section */

/* Begin PBXSourcesBuildPhase section */
		0AA26BF624F22B9600FA4D5A /* Sources */ = {
			isa = PBXSourcesBuildPhase;
			buildActionMask = 2147483647;
			files = (
				0A15CB812616026300B3AD9C /* MockTimetableViewController.swift in Sources */,
				0ADEF76825E25A010000F12D /* TabViewController.swift in Sources */,
				0A2BEC8928C34781002610A8 /* RadioCheckboxBaseButton.swift in Sources */,
				0A2BEC8728C3476C002610A8 /* RadioButtonContainerView.swift in Sources */,
				0A159D4926653F3D00452ACA /* ReplyCollectionViewCell.swift in Sources */,
				0A1A3876257554A700278C08 /* TabLayout.swift in Sources */,
				0A0D92872619890300F1CBDE /* ImageTableViewCell.swift in Sources */,
				0A28F36E2610BBBC00A89069 /* TimetableViewController.swift in Sources */,
				0A2BEC8B28C34796002610A8 /* RadioCheckboxBaseContainer.swift in Sources */,
				0A11347324FBFA650029C07C /* EmbedDrawerControllerSegue.swift in Sources */,
				0A2BEC8128C34727002610A8 /* RadioButtonCircleStyle.swift in Sources */,
				0A2EEF1D24FAAD2900DEEE04 /* MainViewController.swift in Sources */,
				0A11347124FB9C000029C07C /* DrawerController.swift in Sources */,
				0AF5B9F02577E4CD00AC9890 /* PlaceholderViewController.swift in Sources */,
				0A0D74662663C034000DAB30 /* PictureViewController.swift in Sources */,
				0A2BEC7F28C346ED002610A8 /* RadioButton.swift in Sources */,
				0AD204D1265D481F00D24E66 /* ReplyItem.swift in Sources */,
				0A211A5C2533745F00937FEF /* TabHostViewController.swift in Sources */,
				0A1CFD35261F506E0069FB70 /* ArticleCollectionViewCell.swift in Sources */,
				0A1A38792575550C00278C08 /* TabLayoutConfiguration.swift in Sources */,
				0A414F152631D9460023B3D8 /* MemberCollectionViewCell.swift in Sources */,
				0A3169DE26288B6200737A51 /* ArticleItem.swift in Sources */,
				0A21862F257924B700ACD350 /* Tab1ViewController.swift in Sources */,
				0AA26C0224F22B9600FA4D5A /* LoginViewController.swift in Sources */,
				0A25BED026651F6000F4AF06 /* ArticleDetailCollectionViewCell.swift in Sources */,
				0A3169D72628805E00737A51 /* GroupTableViewCell.swift in Sources */,
				0A5D0F69250E317B008376EC /* UnivNoticeViewController.swift in Sources */,
				0AAD5B06251A533F00B77FDA /* MainCollectionViewCell.swift in Sources */,
				0AFA0416261E013F00651160 /* Extension.swift in Sources */,
				0A236E8925F6638300C30737 /* ArticleViewController.swift in Sources */,
				0AF3F4BB2517940F0005D5E3 /* FindViewController.swift in Sources */,
				0AA26BFE24F22B9600FA4D5A /* AppDelegate.swift in Sources */,
				0A2F097A260CB95700BEF1C8 /* UITextViewExtension.swift in Sources */,
				0A11347524FBFB2F0029C07C /* EmbedMainControllerSegue.swift in Sources */,
				0A218635257924F000ACD350 /* Tab3ViewController.swift in Sources */,
				0A15CB7E2616024900B3AD9C /* SemesterTimetableViewController.swift in Sources */,
				0A2BEC8528C34754002610A8 /* RadioButtonContainer.swift in Sources */,
				0A03AEA42519083F00677BDF /* CreateViewController.swift in Sources */,
				0ACEE73D2604E1C500A4D4C8 /* WriteViewController.swift in Sources */,
				0A2BEC8328C3473E002610A8 /* RadioButtonColor.swift in Sources */,
				0AAD5B08251A57A400B77FDA /* MainCollectionReusableView.swift in Sources */,
				0A2186382579251A00ACD350 /* Tab4ViewController.swift in Sources */,
				0A27191026175426009D919B /* WriteInputTextTableViewCell.swift in Sources */,
				0AF3F4BD2517A7270005D5E3 /* RequestViewController.swift in Sources */,
				0AA26C0024F22B9600FA4D5A /* SceneDelegate.swift in Sources */,
				0A1A387C2575555500278C08 /* MenuItemView.swift in Sources */,
				0A5714B928E34666004FABC1 /* WriteItem.swift in Sources */,
				0A1D3824266928AD00835EB9 /* ChatViewController.swift in Sources */,
				0A5D0F6B250E5F47008376EC /* DrawerViewController.swift in Sources */,
				0A3169DB2628885E00737A51 /* GroupItem.swift in Sources */,
				0A218632257924D100ACD350 /* Tab2ViewController.swift in Sources */,
			);
			runOnlyForDeploymentPostprocessing = 0;
		};
/* End PBXSourcesBuildPhase section */

/* Begin PBXVariantGroup section */
		0AA26C0324F22B9600FA4D5A /* Main.storyboard */ = {
			isa = PBXVariantGroup;
			children = (
				0AA26C0424F22B9600FA4D5A /* Base */,
			);
			name = Main.storyboard;
			sourceTree = "<group>";
		};
		0AA26C0824F22B9700FA4D5A /* LaunchScreen.storyboard */ = {
			isa = PBXVariantGroup;
			children = (
				0AA26C0924F22B9700FA4D5A /* Base */,
			);
			name = LaunchScreen.storyboard;
			sourceTree = "<group>";
		};
/* End PBXVariantGroup section */

/* Begin XCBuildConfiguration section */
		0AA26C0C24F22B9700FA4D5A /* Debug */ = {
			isa = XCBuildConfiguration;
			buildSettings = {
				ALWAYS_SEARCH_USER_PATHS = NO;
				CLANG_ANALYZER_NONNULL = YES;
				CLANG_ANALYZER_NUMBER_OBJECT_CONVERSION = YES_AGGRESSIVE;
				CLANG_CXX_LANGUAGE_STANDARD = "gnu++14";
				CLANG_CXX_LIBRARY = "libc++";
				CLANG_ENABLE_MODULES = YES;
				CLANG_ENABLE_OBJC_ARC = YES;
				CLANG_ENABLE_OBJC_WEAK = YES;
				CLANG_WARN_BLOCK_CAPTURE_AUTORELEASING = YES;
				CLANG_WARN_BOOL_CONVERSION = YES;
				CLANG_WARN_COMMA = YES;
				CLANG_WARN_CONSTANT_CONVERSION = YES;
				CLANG_WARN_DEPRECATED_OBJC_IMPLEMENTATIONS = YES;
				CLANG_WARN_DIRECT_OBJC_ISA_USAGE = YES_ERROR;
				CLANG_WARN_DOCUMENTATION_COMMENTS = YES;
				CLANG_WARN_EMPTY_BODY = YES;
				CLANG_WARN_ENUM_CONVERSION = YES;
				CLANG_WARN_INFINITE_RECURSION = YES;
				CLANG_WARN_INT_CONVERSION = YES;
				CLANG_WARN_NON_LITERAL_NULL_CONVERSION = YES;
				CLANG_WARN_OBJC_IMPLICIT_RETAIN_SELF = YES;
				CLANG_WARN_OBJC_LITERAL_CONVERSION = YES;
				CLANG_WARN_OBJC_ROOT_CLASS = YES_ERROR;
				CLANG_WARN_RANGE_LOOP_ANALYSIS = YES;
				CLANG_WARN_STRICT_PROTOTYPES = YES;
				CLANG_WARN_SUSPICIOUS_MOVE = YES;
				CLANG_WARN_UNGUARDED_AVAILABILITY = YES_AGGRESSIVE;
				CLANG_WARN_UNREACHABLE_CODE = YES;
				CLANG_WARN__DUPLICATE_METHOD_MATCH = YES;
				COPY_PHASE_STRIP = NO;
				DEBUG_INFORMATION_FORMAT = dwarf;
				ENABLE_STRICT_OBJC_MSGSEND = YES;
				ENABLE_TESTABILITY = YES;
				GCC_C_LANGUAGE_STANDARD = gnu11;
				GCC_DYNAMIC_NO_PIC = NO;
				GCC_NO_COMMON_BLOCKS = YES;
				GCC_OPTIMIZATION_LEVEL = 0;
				GCC_PREPROCESSOR_DEFINITIONS = (
					"DEBUG=1",
					"$(inherited)",
				);
				GCC_WARN_64_TO_32_BIT_CONVERSION = YES;
				GCC_WARN_ABOUT_RETURN_TYPE = YES_ERROR;
				GCC_WARN_UNDECLARED_SELECTOR = YES;
				GCC_WARN_UNINITIALIZED_AUTOS = YES_AGGRESSIVE;
				GCC_WARN_UNUSED_FUNCTION = YES;
				GCC_WARN_UNUSED_VARIABLE = YES;
				IPHONEOS_DEPLOYMENT_TARGET = 14.0;
				MTL_ENABLE_DEBUG_INFO = INCLUDE_SOURCE;
				MTL_FAST_MATH = YES;
				ONLY_ACTIVE_ARCH = YES;
				SDKROOT = iphoneos;
				SWIFT_ACTIVE_COMPILATION_CONDITIONS = DEBUG;
				SWIFT_OPTIMIZATION_LEVEL = "-Onone";
			};
			name = Debug;
		};
		0AA26C0D24F22B9700FA4D5A /* Release */ = {
			isa = XCBuildConfiguration;
			buildSettings = {
				ALWAYS_SEARCH_USER_PATHS = NO;
				CLANG_ANALYZER_NONNULL = YES;
				CLANG_ANALYZER_NUMBER_OBJECT_CONVERSION = YES_AGGRESSIVE;
				CLANG_CXX_LANGUAGE_STANDARD = "gnu++14";
				CLANG_CXX_LIBRARY = "libc++";
				CLANG_ENABLE_MODULES = YES;
				CLANG_ENABLE_OBJC_ARC = YES;
				CLANG_ENABLE_OBJC_WEAK = YES;
				CLANG_WARN_BLOCK_CAPTURE_AUTORELEASING = YES;
				CLANG_WARN_BOOL_CONVERSION = YES;
				CLANG_WARN_COMMA = YES;
				CLANG_WARN_CONSTANT_CONVERSION = YES;
				CLANG_WARN_DEPRECATED_OBJC_IMPLEMENTATIONS = YES;
				CLANG_WARN_DIRECT_OBJC_ISA_USAGE = YES_ERROR;
				CLANG_WARN_DOCUMENTATION_COMMENTS = YES;
				CLANG_WARN_EMPTY_BODY = YES;
				CLANG_WARN_ENUM_CONVERSION = YES;
				CLANG_WARN_INFINITE_RECURSION = YES;
				CLANG_WARN_INT_CONVERSION = YES;
				CLANG_WARN_NON_LITERAL_NULL_CONVERSION = YES;
				CLANG_WARN_OBJC_IMPLICIT_RETAIN_SELF = YES;
				CLANG_WARN_OBJC_LITERAL_CONVERSION = YES;
				CLANG_WARN_OBJC_ROOT_CLASS = YES_ERROR;
				CLANG_WARN_RANGE_LOOP_ANALYSIS = YES;
				CLANG_WARN_STRICT_PROTOTYPES = YES;
				CLANG_WARN_SUSPICIOUS_MOVE = YES;
				CLANG_WARN_UNGUARDED_AVAILABILITY = YES_AGGRESSIVE;
				CLANG_WARN_UNREACHABLE_CODE = YES;
				CLANG_WARN__DUPLICATE_METHOD_MATCH = YES;
				COPY_PHASE_STRIP = NO;
				DEBUG_INFORMATION_FORMAT = "dwarf-with-dsym";
				ENABLE_NS_ASSERTIONS = NO;
				ENABLE_STRICT_OBJC_MSGSEND = YES;
				GCC_C_LANGUAGE_STANDARD = gnu11;
				GCC_NO_COMMON_BLOCKS = YES;
				GCC_WARN_64_TO_32_BIT_CONVERSION = YES;
				GCC_WARN_ABOUT_RETURN_TYPE = YES_ERROR;
				GCC_WARN_UNDECLARED_SELECTOR = YES;
				GCC_WARN_UNINITIALIZED_AUTOS = YES_AGGRESSIVE;
				GCC_WARN_UNUSED_FUNCTION = YES;
				GCC_WARN_UNUSED_VARIABLE = YES;
				IPHONEOS_DEPLOYMENT_TARGET = 14.0;
				MTL_ENABLE_DEBUG_INFO = NO;
				MTL_FAST_MATH = YES;
				SDKROOT = iphoneos;
				SWIFT_COMPILATION_MODE = wholemodule;
				SWIFT_OPTIMIZATION_LEVEL = "-O";
				VALIDATE_PRODUCT = YES;
			};
			name = Release;
		};
		0AA26C0F24F22B9700FA4D5A /* Debug */ = {
			isa = XCBuildConfiguration;
			buildSettings = {
				ASSETCATALOG_COMPILER_APPICON_NAME = AppIcon;
				CODE_SIGN_IDENTITY = "Apple Development";
				CODE_SIGN_STYLE = Automatic;
				DEVELOPMENT_TEAM = W345THX6Y6;
				INFOPLIST_FILE = knu_minigroup/Info.plist;
				IPHONEOS_DEPLOYMENT_TARGET = 14.0;
				LD_RUNPATH_SEARCH_PATHS = (
					"$(inherited)",
					"@executable_path/Frameworks",
				);
				PRODUCT_BUNDLE_IDENTIFIER = "com.hhp227.knu-minigroup";
				PRODUCT_NAME = "$(TARGET_NAME)";
				PROVISIONING_PROFILE_SPECIFIER = "";
				SWIFT_VERSION = 5.0;
				TARGETED_DEVICE_FAMILY = "1,2";
			};
			name = Debug;
		};
		0AA26C1024F22B9700FA4D5A /* Release */ = {
			isa = XCBuildConfiguration;
			buildSettings = {
				ASSETCATALOG_COMPILER_APPICON_NAME = AppIcon;
				CODE_SIGN_IDENTITY = "Apple Development";
				CODE_SIGN_STYLE = Automatic;
				DEVELOPMENT_TEAM = W345THX6Y6;
				INFOPLIST_FILE = knu_minigroup/Info.plist;
				IPHONEOS_DEPLOYMENT_TARGET = 14.0;
				LD_RUNPATH_SEARCH_PATHS = (
					"$(inherited)",
					"@executable_path/Frameworks",
				);
				PRODUCT_BUNDLE_IDENTIFIER = "com.hhp227.knu-minigroup";
				PRODUCT_NAME = "$(TARGET_NAME)";
				PROVISIONING_PROFILE_SPECIFIER = "";
				SWIFT_VERSION = 5.0;
				TARGETED_DEVICE_FAMILY = "1,2";
			};
			name = Release;
		};
/* End XCBuildConfiguration section */

/* Begin XCConfigurationList section */
		0AA26BF524F22B9600FA4D5A /* Build configuration list for PBXProject "knu_minigroup" */ = {
			isa = XCConfigurationList;
			buildConfigurations = (
				0AA26C0C24F22B9700FA4D5A /* Debug */,
				0AA26C0D24F22B9700FA4D5A /* Release */,
			);
			defaultConfigurationIsVisible = 0;
			defaultConfigurationName = Release;
		};
		0AA26C0E24F22B9700FA4D5A /* Build configuration list for PBXNativeTarget "knu_minigroup" */ = {
			isa = XCConfigurationList;
			buildConfigurations = (
				0AA26C0F24F22B9700FA4D5A /* Debug */,
				0AA26C1024F22B9700FA4D5A /* Release */,
			);
			defaultConfigurationIsVisible = 0;
			defaultConfigurationName = Release;
		};
/* End XCConfigurationList section */
	};
	rootObject = 0AA26BF224F22B9600FA4D5A /* Project object */;
}
